
Microsoft Visual Studio Solution File, Format Version 12.00
# Visual Studio Version 16
VisualStudioVersion = 16.0.28803.202
MinimumVisualStudioVersion = 10.0.40219.1
Project("{9A19103F-16F7-4668-BE54-9A1E7A4F7556}") = "Skybrud.Social.Google", "Skybrud.Social.Google\Skybrud.Social.Google.csproj", "{9A62C276-4BFC-4885-93DC-8067A2FB362D}"
EndProject
Project("{2150E333-8FDC-42A3-9474-1A3956D46DE8}") = "Solution Items", "Solution Items", "{A8DF1A1B-1751-46E3-8228-B168062BFF8B}"
	ProjectSection(SolutionItems) = preProject
		.editorconfig = .editorconfig
	EndProjectSection
EndProject
Global
	GlobalSection(SolutionConfigurationPlatforms) = preSolution
		Debug|Any CPU = Debug|Any CPU
		Release|Any CPU = Release|Any CPU
	EndGlobalSection
	GlobalSection(ProjectConfigurationPlatforms) = postSolution
		{9A62C276-4BFC-4885-93DC-8067A2FB362D}.Debug|Any CPU.ActiveCfg = Debug|Any CPU
		{9A62C276-4BFC-4885-93DC-8067A2FB362D}.Debug|Any CPU.Build.0 = Debug|Any CPU
		{9A62C276-4BFC-4885-93DC-8067A2FB362D}.Release|Any CPU.ActiveCfg = Release|Any CPU
		{9A62C276-4BFC-4885-93DC-8067A2FB362D}.Release|Any CPU.Build.0 = Release|Any CPU
	EndGlobalSection
	GlobalSection(SolutionProperties) = preSolution
		HideSolutionNode = FALSE
	EndGlobalSection
	GlobalSection(ExtensibilityGlobals) = postSolution
		SolutionGuid = {3FAAA40A-E9B5-4C2F-8C79-69BAC717C6FF}
	EndGlobalSection
EndGlobal
